
Microsoft Visual Studio Solution File, Format Version 12.00
# Visual Studio 14
VisualStudioVersion = 14.0.24720.0
MinimumVisualStudioVersion = 10.0.40219.1
Project("{FAE04EC0-301F-11D3-BF4B-00C04F79EFBC}") = "SJC", "SJC\SJC.csproj", "{AA31B4FE-CDF5-42A2-B685-BEE2B01BA200}"
EndProject
Project("{FAE04EC0-301F-11D3-BF4B-00C04F79EFBC}") = "JsProject", "JsProject\JsProject.csproj", "{D9ED2A03-7AA4-4469-8139-8FD408BDB015}"
EndProject
Project("{FAE04EC0-301F-11D3-BF4B-00C04F79EFBC}") = "JavaScript", "JavaScript\JavaScript.csproj", "{9F4B8AD6-5484-4171-A93D-ADC6D35BBD18}"
EndProject
Global
	GlobalSection(SolutionConfigurationPlatforms) = preSolution
		Debug|Any CPU = Debug|Any CPU
		Debug|x86 = Debug|x86
		Release|Any CPU = Release|Any CPU
		Release|x86 = Release|x86
	EndGlobalSection
	GlobalSection(ProjectConfigurationPlatforms) = postSolution
		{AA31B4FE-CDF5-42A2-B685-BEE2B01BA200}.Debug|Any CPU.ActiveCfg = Debug|Any CPU
		{AA31B4FE-CDF5-42A2-B685-BEE2B01BA200}.Debug|Any CPU.Build.0 = Debug|Any CPU
		{AA31B4FE-CDF5-42A2-B685-BEE2B01BA200}.Debug|x86.ActiveCfg = Debug|Any CPU
		{AA31B4FE-CDF5-42A2-B685-BEE2B01BA200}.Debug|x86.Build.0 = Debug|Any CPU
		{AA31B4FE-CDF5-42A2-B685-BEE2B01BA200}.Release|Any CPU.ActiveCfg = Release|Any CPU
		{AA31B4FE-CDF5-42A2-B685-BEE2B01BA200}.Release|Any CPU.Build.0 = Release|Any CPU
		{AA31B4FE-CDF5-42A2-B685-BEE2B01BA200}.Release|x86.ActiveCfg = Release|Any CPU
		{AA31B4FE-CDF5-42A2-B685-BEE2B01BA200}.Release|x86.Build.0 = Release|Any CPU
		{D9ED2A03-7AA4-4469-8139-8FD408BDB015}.Debug|Any CPU.ActiveCfg = Debug|Any CPU
		{D9ED2A03-7AA4-4469-8139-8FD408BDB015}.Debug|Any CPU.Build.0 = Debug|Any CPU
		{D9ED2A03-7AA4-4469-8139-8FD408BDB015}.Debug|x86.ActiveCfg = Debug|Any CPU
		{D9ED2A03-7AA4-4469-8139-8FD408BDB015}.Debug|x86.Build.0 = Debug|Any CPU
		{D9ED2A03-7AA4-4469-8139-8FD408BDB015}.Release|Any CPU.ActiveCfg = Release|Any CPU
		{D9ED2A03-7AA4-4469-8139-8FD408BDB015}.Release|Any CPU.Build.0 = Release|Any CPU
		{D9ED2A03-7AA4-4469-8139-8FD408BDB015}.Release|x86.ActiveCfg = Release|Any CPU
		{D9ED2A03-7AA4-4469-8139-8FD408BDB015}.Release|x86.Build.0 = Release|Any CPU
		{9F4B8AD6-5484-4171-A93D-ADC6D35BBD18}.Debug|Any CPU.ActiveCfg = Debug|Any CPU
		{9F4B8AD6-5484-4171-A93D-ADC6D35BBD18}.Debug|Any CPU.Build.0 = Debug|Any CPU
		{9F4B8AD6-5484-4171-A93D-ADC6D35BBD18}.Debug|x86.ActiveCfg = Debug|Any CPU
		{9F4B8AD6-5484-4171-A93D-ADC6D35BBD18}.Debug|x86.Build.0 = Debug|Any CPU
		{9F4B8AD6-5484-4171-A93D-ADC6D35BBD18}.Release|Any CPU.ActiveCfg = Release|Any CPU
		{9F4B8AD6-5484-4171-A93D-ADC6D35BBD18}.Release|Any CPU.Build.0 = Release|Any CPU
		{9F4B8AD6-5484-4171-A93D-ADC6D35BBD18}.Release|x86.ActiveCfg = Release|Any CPU
		{9F4B8AD6-5484-4171-A93D-ADC6D35BBD18}.Release|x86.Build.0 = Release|Any CPU
	EndGlobalSection
	GlobalSection(SolutionProperties) = preSolution
		HideSolutionNode = FALSE
	EndGlobalSection
EndGlobal
